<?xml version="1.0" encoding="UTF-8" standalone="yes" ?>
<CodeBlocks_project_file>
	<FileVersion major="1" minor="6" />
	<Project>
		<Option title="pokemon_Portaneri_Heng_Havil" />
		<Option pch_mode="2" />
		<Option compiler="gcc" />
		<Build>
			<Target title="Debug">
				<Option output="bin/Debug/pokemon_Portaneri_Heng_Havil" prefix_auto="1" extension_auto="1" />
				<Option object_output="obj/Debug/" />
				<Option type="0" />
				<Option compiler="gcc" />
				<Compiler>
					<Add option="-pedantic" />
					<Add option="-Wall" />
					<Add option="-ansi" />
					<Add option="-g" />
				</Compiler>
				<Linker>
					<Add option="-lmingw32 -lSDLmain -lSDL" />
					<Add library="C:\Program Files (x86)\FMOD SoundSystem\FMOD Studio API Windows\api\lowlevel\lib\libfmod.a" />
				</Linker>
			</Target>
			<Target title="Release">
				<Option output="bin/Release/pokemon_Portaneri_Heng_Havil" prefix_auto="1" extension_auto="1" />
				<Option object_output="obj/Release/" />
				<Option type="0" />
				<Option compiler="gcc" />
				<Compiler>
					<Add option="-std=c++11" />
					<Add option="-Wall" />
					<Add option="-ansi" />
				</Compiler>
				<Linker>
					<Add option="-lmingw32 -lSDLmain -lSDL" />
					<Add library="C:\Program Files (x86)\FMOD SoundSystem\FMOD Studio API Windows\api\lowlevel\lib\libfmod.a" />
				</Linker>
			</Target>
		</Build>
		<Compiler>
			<Add option="-Wall" />
			<Add directory="C:/Users/Cedric/Documents/ET3/C/SDL-1.2.15/include" />
		</Compiler>
		<Linker>
			<Add option="-lmingw32 -lSDLmain -lSDL" />
			<Add library="mingw32" />
			<Add library="SDLmain" />
			<Add library="SDL.dll" />
			<Add library="user32" />
			<Add library="gdi32" />
			<Add library="winmm" />
			<Add library="dxguid" />
			<Add library="C:\Program Files (x86)\FMOD SoundSystem\FMOD Studio API Windows\api\lowlevel\lib\libfmod.a" />
			<Add directory="C:/Users/Cedric/Documents/ET3/C/SDL-1.2.15/lib" />
		</Linker>
		<Unit filename="cb.bmp" />
		<Unit filename="data/dialog_chipset/0.bmp" />
		<Unit filename="data/dialog_chipset/1.bmp" />
		<Unit filename="data/dialog_chipset/2.bmp" />
		<Unit filename="data/dialog_chipset/3.bmp" />
		<Unit filename="data/dialog_chipset/4.bmp" />
		<Unit filename="data/dialog_chipset/5.bmp" />
		<Unit filename="data/dialog_chipset/6.bmp" />
		<Unit filename="data/dialog_chipset/7.bmp" />
		<Unit filename="data/dialog_chipset/8.bmp" />
		<Unit filename="data/dialog_chipset/9.bmp" />
		<Unit filename="data/dialog_chipset/A.bmp" />
		<Unit filename="data/dialog_chipset/B.bmp" />
		<Unit filename="data/dialog_chipset/C.bmp" />
		<Unit filename="data/dialog_chipset/D.bmp" />
		<Unit filename="data/dialog_chipset/E.bmp" />
		<Unit filename="data/dialog_chipset/F.bmp" />
		<Unit filename="data/dialog_chipset/I.bmp" />
		<Unit filename="data/dialog_chipset/J.bmp" />
		<Unit filename="data/dialog_chipset/K.bmp" />
		<Unit filename="data/dialog_chipset/L.bmp" />
		<Unit filename="data/dialog_chipset/M.bmp" />
		<Unit filename="data/dialog_chipset/O.bmp" />
		<Unit filename="data/dialog_chipset/P.bmp" />
		<Unit filename="data/dialog_chipset/Q.bmp" />
		<Unit filename="data/dialog_chipset/R.bmp" />
		<Unit filename="data/dialog_chipset/S.bmp" />
		<Unit filename="data/dialog_chipset/T.bmp" />
		<Unit filename="data/dialog_chipset/U.bmp" />
		<Unit filename="data/dialog_chipset/V.bmp" />
		<Unit filename="data/dialog_chipset/W.bmp" />
		<Unit filename="data/dialog_chipset/X.bmp" />
		<Unit filename="data/dialog_chipset/Y.bmp" />
		<Unit filename="data/dialog_chipset/Z.bmp" />
		<Unit filename="data/dialog_chipset/crochet1.bmp" />
		<Unit filename="data/dialog_chipset/crochet2.bmp" />
		<Unit filename="data/dialog_chipset/deux_pt.bmp" />
		<Unit filename="data/dialog_chipset/dialogue.bmp" />
		<Unit filename="data/dialog_chipset/g.bmp" />
		<Unit filename="data/dialog_chipset/h.bmp" />
		<Unit filename="data/dialog_chipset/n.bmp" />
		<Unit filename="data/dialog_chipset/parenthese1.bmp" />
		<Unit filename="data/dialog_chipset/parenthese2.bmp" />
		<Unit filename="data/dialog_chipset/point.bmp" />
		<Unit filename="data/dialog_chipset/pt_excla.bmp" />
		<Unit filename="data/dialog_chipset/pt_interro.bmp" />
		<Unit filename="data/dialog_chipset/pt_virgule.bmp" />
		<Unit filename="data/dialog_chipset/slash.bmp" />
		<Unit filename="data/dialog_chipset/suite.bmp" />
		<Unit filename="data/dialog_chipset/tiret.bmp" />
		<Unit filename="data/dialog_chipset/x2.bmp" />
		<Unit filename="data/fight_animation/0attaque1.bmp" />
		<Unit filename="data/fight_animation/0attaque2.bmp" />
		<Unit filename="data/fight_animation/0attaque3.bmp" />
		<Unit filename="data/fight_animation/0attaque4.bmp" />
		<Unit filename="data/fight_animation/1attaque1.bmp" />
		<Unit filename="data/fight_animation/1attaque2.bmp" />
		<Unit filename="data/fight_animation/1attaque3.bmp" />
		<Unit filename="data/fight_animation/1attaque4.bmp" />
		<Unit filename="data/fight_animation/2attaque1.bmp" />
		<Unit filename="data/fight_animation/2attaque2.bmp" />
		<Unit filename="data/fight_animation/2attaque3.bmp" />
		<Unit filename="data/fight_animation/2attaque4.bmp" />
		<Unit filename="data/fight_animation/3attaque1.bmp" />
		<Unit filename="data/fight_animation/3attaque2.bmp" />
		<Unit filename="data/fight_animation/3attaque3.bmp" />
		<Unit filename="data/fight_animation/3attaque4.bmp" />
		<Unit filename="data/hero_charset/sasha_dos1.bmp" />
		<Unit filename="data/hero_charset/sasha_dos2.bmp" />
		<Unit filename="data/hero_charset/sasha_dos3.bmp" />
		<Unit filename="data/hero_charset/sasha_dosherbe1.bmp" />
		<Unit filename="data/hero_charset/sasha_dosherbe2.bmp" />
		<Unit filename="data/hero_charset/sasha_dosherbe3.bmp" />
		<Unit filename="data/hero_charset/sasha_droit1.bmp" />
		<Unit filename="data/hero_charset/sasha_droit2.bmp" />
		<Unit filename="data/hero_charset/sasha_droit3.bmp" />
		<Unit filename="data/hero_charset/sasha_droitherbe1.bmp" />
		<Unit filename="data/hero_charset/sasha_droitherbe2.bmp" />
		<Unit filename="data/hero_charset/sasha_droitherbe3.bmp" />
		<Unit filename="data/hero_charset/sasha_face1.bmp" />
		<Unit filename="data/hero_charset/sasha_face2.bmp" />
		<Unit filename="data/hero_charset/sasha_face3.bmp" />
		<Unit filename="data/hero_charset/sasha_faceherbe1.bmp" />
		<Unit filename="data/hero_charset/sasha_faceherbe2.bmp" />
		<Unit filename="data/hero_charset/sasha_faceherbe3.bmp" />
		<Unit filename="data/hero_charset/sasha_gauche1.bmp" />
		<Unit filename="data/hero_charset/sasha_gauche2.bmp" />
		<Unit filename="data/hero_charset/sasha_gauche3.bmp" />
		<Unit filename="data/hero_charset/sasha_gaucheherbe1.bmp" />
		<Unit filename="data/hero_charset/sasha_gaucheherbe2.bmp" />
		<Unit filename="data/hero_charset/sasha_gaucheherbe3.bmp" />
		<Unit filename="data/intro_animation/DrCheng1.bmp" />
		<Unit filename="data/intro_animation/DrCheng2.bmp" />
		<Unit filename="data/intro_animation/DrCheng3.bmp" />
		<Unit filename="data/intro_animation/DrCheng4.bmp" />
		<Unit filename="data/intro_animation/DrCheng5.bmp" />
		<Unit filename="data/intro_animation/DrCheng6.bmp" />
		<Unit filename="data/intro_animation/DrCheng7.bmp" />
		<Unit filename="data/intro_animation/DrCheng8.bmp" />
		<Unit filename="data/intro_animation/nuage.bmp" />
		<Unit filename="data/intro_animation/oiseau1.bmp" />
		<Unit filename="data/intro_animation/oiseau2.bmp" />
		<Unit filename="data/intro_animation/oiseau3.bmp" />
		<Unit filename="data/intro_animation/oiseau4.bmp" />
		<Unit filename="data/intro_animation/oiseau5.bmp" />
		<Unit filename="data/intro_animation/oiseau6.bmp" />
		<Unit filename="data/intro_animation/pokeIntro1.bmp" />
		<Unit filename="data/intro_animation/pokeIntro2.bmp" />
		<Unit filename="data/intro_animation/pokeIntro3.bmp" />
		<Unit filename="data/intro_animation/sashaIntro1.bmp" />
		<Unit filename="data/intro_animation/sashaIntro2.bmp" />
		<Unit filename="data/intro_animation/sashaIntro3.bmp" />
		<Unit filename="data/intro_animation/sashaIntro4.bmp" />
		<Unit filename="data/intro_animation/sashaIntro5.bmp" />
		<Unit filename="data/intro_animation/sashaIntro6.bmp" />
		<Unit filename="data/intro_animation/sashaIntro7.bmp" />
		<Unit filename="data/intro_animation/sashaIntro8.bmp" />
		<Unit filename="data/intro_animation/sashaIntro9.bmp" />
		<Unit filename="data/intro_animation/sashaIntro91.bmp" />
		<Unit filename="data/intro_animation/sashaIntro92.bmp" />
		<Unit filename="data/intro_animation/sashaIntro93.bmp" />
		<Unit filename="data/map_chipset/arbre.bmp" />
		<Unit filename="data/map_chipset/arbre1.bmp" />
		<Unit filename="data/map_chipset/arbre2.bmp" />
		<Unit filename="data/map_chipset/armoir1.bmp" />
		<Unit filename="data/map_chipset/armoir2.bmp" />
		<Unit filename="data/map_chipset/armoir3.bmp" />
		<Unit filename="data/map_chipset/armoir4.bmp" />
		<Unit filename="data/map_chipset/armoir5.bmp" />
		<Unit filename="data/map_chipset/armoir6.bmp" />
		<Unit filename="data/map_chipset/armoir7.bmp" />
		<Unit filename="data/map_chipset/armoir8.bmp" />
		<Unit filename="data/map_chipset/barriere.bmp" />
		<Unit filename="data/map_chipset/bigtree1-1.bmp" />
		<Unit filename="data/map_chipset/bigtree1-2.bmp" />
		<Unit filename="data/map_chipset/bigtree2-1.bmp" />
		<Unit filename="data/map_chipset/bigtree2-2.bmp" />
		<Unit filename="data/map_chipset/bois1.bmp" />
		<Unit filename="data/map_chipset/bois2.bmp" />
		<Unit filename="data/map_chipset/bois3.bmp" />
		<Unit filename="data/map_chipset/commode.bmp" />
		<Unit filename="data/map_chipset/comptoir1.bmp" />
		<Unit filename="data/map_chipset/comptoir2-1.bmp" />
		<Unit filename="data/map_chipset/comptoir2-2.bmp" />
		<Unit filename="data/map_chipset/comptoir2-3.bmp" />
		<Unit filename="data/map_chipset/comptoir2-4.bmp" />
		<Unit filename="data/map_chipset/comptoir2.bmp" />
		<Unit filename="data/map_chipset/comptoir3.bmp" />
		<Unit filename="data/map_chipset/comptoir4.bmp" />
		<Unit filename="data/map_chipset/comptoir5.bmp" />
		<Unit filename="data/map_chipset/corbeille.bmp" />
		<Unit filename="data/map_chipset/coussin.bmp" />
		<Unit filename="data/map_chipset/cuisine1.bmp" />
		<Unit filename="data/map_chipset/cuisine2.bmp" />
		<Unit filename="data/map_chipset/cuisine3.bmp" />
		<Unit filename="data/map_chipset/cuisine4.bmp" />
		<Unit filename="data/map_chipset/escalier.bmp" />
		<Unit filename="data/map_chipset/escalier2.bmp" />
		<Unit filename="data/map_chipset/fenetre1.bmp" />
		<Unit filename="data/map_chipset/fenetre2.bmp" />
		<Unit filename="data/map_chipset/fenetre3.bmp" />
		<Unit filename="data/map_chipset/fenetre4.bmp" />
		<Unit filename="data/map_chipset/fenetre5.bmp" />
		<Unit filename="data/map_chipset/fenetre6.bmp" />
		<Unit filename="data/map_chipset/fenetre7.bmp" />
		<Unit filename="data/map_chipset/flower1.bmp" />
		<Unit filename="data/map_chipset/flower2.bmp" />
		<Unit filename="data/map_chipset/flower3.bmp" />
		<Unit filename="data/map_chipset/flower4.bmp" />
		<Unit filename="data/map_chipset/grass.bmp" />
		<Unit filename="data/map_chipset/grass2.bmp" />
		<Unit filename="data/map_chipset/high_grass.bmp" />
		<Unit filename="data/map_chipset/lac1-1.bmp" />
		<Unit filename="data/map_chipset/lac1-2.bmp" />
		<Unit filename="data/map_chipset/lac1-3.bmp" />
		<Unit filename="data/map_chipset/lac2-1.bmp" />
		<Unit filename="data/map_chipset/lac2-2.bmp" />
		<Unit filename="data/map_chipset/lac2-3.bmp" />
		<Unit filename="data/map_chipset/lit1.bmp" />
		<Unit filename="data/map_chipset/lit2.bmp" />
		<Unit filename="data/map_chipset/machine1-1.bmp" />
		<Unit filename="data/map_chipset/machine1-2.bmp" />
		<Unit filename="data/map_chipset/machine1-3.bmp" />
		<Unit filename="data/map_chipset/machine1-4.bmp" />
		<Unit filename="data/map_chipset/machine2-1.bmp" />
		<Unit filename="data/map_chipset/machine2-2.bmp" />
		<Unit filename="data/map_chipset/machine2-3.bmp" />
		<Unit filename="data/map_chipset/machine2-4.bmp" />
		<Unit filename="data/map_chipset/machine_soin1-1.bmp" />
		<Unit filename="data/map_chipset/machine_soin1-2.bmp" />
		<Unit filename="data/map_chipset/machine_soin1-3.bmp" />
		<Unit filename="data/map_chipset/machine_soin2-1.bmp" />
		<Unit filename="data/map_chipset/machine_soin2-2.bmp" />
		<Unit filename="data/map_chipset/machine_soin2-3.bmp" />
		<Unit filename="data/map_chipset/magasin1-1.bmp" />
		<Unit filename="data/map_chipset/magasin1-3.bmp" />
		<Unit filename="data/map_chipset/magasin2-1.bmp" />
		<Unit filename="data/map_chipset/magasin2-2.bmp" />
		<Unit filename="data/map_chipset/magasin2-3.bmp" />
		<Unit filename="data/map_chipset/magasin3-1.bmp" />
		<Unit filename="data/map_chipset/magasin3-2.bmp" />
		<Unit filename="data/map_chipset/magasin3-3.bmp" />
		<Unit filename="data/map_chipset/magasin4-1.bmp" />
		<Unit filename="data/map_chipset/magasin4-2.bmp" />
		<Unit filename="data/map_chipset/magasin4-3.bmp" />
		<Unit filename="data/map_chipset/maison1-1.bmp" />
		<Unit filename="data/map_chipset/maison1-2.bmp" />
		<Unit filename="data/map_chipset/maison1-3.bmp" />
		<Unit filename="data/map_chipset/maison2-1.bmp" />
		<Unit filename="data/map_chipset/maison2-2.bmp" />
		<Unit filename="data/map_chipset/maison2-3.bmp" />
		<Unit filename="data/map_chipset/maison3-1.bmp" />
		<Unit filename="data/map_chipset/maison3-2.bmp" />
		<Unit filename="data/map_chipset/maison3-3.bmp" />
		<Unit filename="data/map_chipset/maison4-1.bmp" />
		<Unit filename="data/map_chipset/mo.bmp" />
		<Unit filename="data/map_chipset/mur.bmp" />
		<Unit filename="data/map_chipset/mur2.bmp" />
		<Unit filename="data/map_chipset/mur3.bmp" />
		<Unit filename="data/map_chipset/mur4.bmp" />
		<Unit filename="data/map_chipset/mur5.bmp" />
		<Unit filename="data/map_chipset/mur6.bmp" />
		<Unit filename="data/map_chipset/noir.bmp" />
		<Unit filename="data/map_chipset/ordi1.bmp" />
		<Unit filename="data/map_chipset/ordi2.bmp" />
		<Unit filename="data/map_chipset/ordi3.bmp" />
		<Unit filename="data/map_chipset/ordi4.bmp" />
		<Unit filename="data/map_chipset/panneau-gym.bmp" />
		<Unit filename="data/map_chipset/panneau-mart.bmp" />
		<Unit filename="data/map_chipset/panneau-poke.bmp" />
		<Unit filename="data/map_chipset/panneau.bmp" />
		<Unit filename="data/map_chipset/panneau2.bmp" />
		<Unit filename="data/map_chipset/parquet.bmp" />
		<Unit filename="data/map_chipset/parquet2.bmp" />
		<Unit filename="data/map_chipset/parquet3.bmp" />
		<Unit filename="data/map_chipset/parquet4.bmp" />
		<Unit filename="data/map_chipset/parquet5.bmp" />
		<Unit filename="data/map_chipset/parquet6.bmp" />
		<Unit filename="data/map_chipset/parquet7.bmp" />
		<Unit filename="data/map_chipset/porte1.bmp" />
		<Unit filename="data/map_chipset/porte2.bmp" />
		<Unit filename="data/map_chipset/poteau.bmp" />
		<Unit filename="data/map_chipset/radio.bmp" />
		<Unit filename="data/map_chipset/radio2.bmp" />
		<Unit filename="data/map_chipset/radio3.bmp" />
		<Unit filename="data/map_chipset/relief1-1-1.bmp" />
		<Unit filename="data/map_chipset/relief1-1-2.bmp" />
		<Unit filename="data/map_chipset/relief1-1-3.bmp" />
		<Unit filename="data/map_chipset/relief1-2-1.bmp" />
		<Unit filename="data/map_chipset/relief1-2-2.bmp" />
		<Unit filename="data/map_chipset/relief2.bmp" />
		<Unit filename="data/map_chipset/relief3.bmp" />
		<Unit filename="data/map_chipset/roche.bmp" />
		<Unit filename="data/map_chipset/roche1-1.bmp" />
		<Unit filename="data/map_chipset/roche1-2.bmp" />
		<Unit filename="data/map_chipset/roche1-3.bmp" />
		<Unit filename="data/map_chipset/roche2-1.bmp" />
		<Unit filename="data/map_chipset/roche2-2.bmp" />
		<Unit filename="data/map_chipset/roche2-3.bmp" />
		<Unit filename="data/map_chipset/roche3-1.bmp" />
		<Unit filename="data/map_chipset/roche3-2.bmp" />
		<Unit filename="data/map_chipset/roche3-3.bmp" />
		<Unit filename="data/map_chipset/sol.bmp" />
		<Unit filename="data/map_chipset/stock1-1.bmp" />
		<Unit filename="data/map_chipset/stock1-2.bmp" />
		<Unit filename="data/map_chipset/stock2-1.bmp" />
		<Unit filename="data/map_chipset/stock2-2.bmp" />
		<Unit filename="data/map_chipset/stock3-1-1.bmp" />
		<Unit filename="data/map_chipset/stock3-1-2.bmp" />
		<Unit filename="data/map_chipset/stock3-2-1.bmp" />
		<Unit filename="data/map_chipset/stock3-2-2.bmp" />
		<Unit filename="data/map_chipset/stock4-1.bmp" />
		<Unit filename="data/map_chipset/stock4-2.bmp" />
		<Unit filename="data/map_chipset/table1-1.bmp" />
		<Unit filename="data/map_chipset/table1-2.bmp" />
		<Unit filename="data/map_chipset/table2-1-1.bmp" />
		<Unit filename="data/map_chipset/table2-1-2.bmp" />
		<Unit filename="data/map_chipset/table2-1-3.bmp" />
		<Unit filename="data/map_chipset/table2-1.bmp" />
		<Unit filename="data/map_chipset/table2-2-1.bmp" />
		<Unit filename="data/map_chipset/table2-2-2.bmp" />
		<Unit filename="data/map_chipset/table2-2-3.bmp" />
		<Unit filename="data/map_chipset/table2-2.bmp" />
		<Unit filename="data/map_chipset/table3-1-1.bmp" />
		<Unit filename="data/map_chipset/table3-1-2.bmp" />
		<Unit filename="data/map_chipset/table3-2-1.bmp" />
		<Unit filename="data/map_chipset/table3-2-2.bmp" />
		<Unit filename="data/map_chipset/tableau.bmp" />
		<Unit filename="data/map_chipset/tableau2.bmp" />
		<Unit filename="data/map_chipset/tabouret.bmp" />
		<Unit filename="data/map_chipset/tabouret2.bmp" />
		<Unit filename="data/map_chipset/tapis1.bmp" />
		<Unit filename="data/map_chipset/tapis2.bmp" />
		<Unit filename="data/map_chipset/tapis3.bmp" />
		<Unit filename="data/map_chipset/tele1.bmp" />
		<Unit filename="data/map_chipset/tele2.bmp" />
		<Unit filename="data/map_chipset/tele3.bmp" />
		<Unit filename="data/map_chipset/tele4.bmp" />
		<Unit filename="data/map_chipset/tele5.bmp" />
		<Unit filename="data/map_chipset/tour1-1.bmp" />
		<Unit filename="data/map_chipset/tour1-2.bmp" />
		<Unit filename="data/map_chipset/tour2-1.bmp" />
		<Unit filename="data/map_chipset/tour2-2.bmp" />
		<Unit filename="data/map_file/1.txt" />
		<Unit filename="data/map_file/10.txt" />
		<Unit filename="data/map_file/2.txt" />
		<Unit filename="data/map_file/3.txt" />
		<Unit filename="data/map_file/4.txt" />
		<Unit filename="data/map_file/5.txt" />
		<Unit filename="data/map_file/6.txt" />
		<Unit filename="data/map_file/7.txt" />
		<Unit filename="data/map_file/8.txt" />
		<Unit filename="data/map_file/9.txt" />
		<Unit filename="data/map_file/test.txt" />
		<Unit filename="data/menu_sprite/POKéMON.bmp" />
		<Unit filename="data/menu_sprite/POKéMONSOIN.bmp" />
		<Unit filename="data/menu_sprite/attaque.bmp" />
		<Unit filename="data/menu_sprite/attaque1.bmp" />
		<Unit filename="data/menu_sprite/avenir.bmp" />
		<Unit filename="data/menu_sprite/blanc.bmp" />
		<Unit filename="data/menu_sprite/cacheAttaque.bmp" />
		<Unit filename="data/menu_sprite/cacheBlanc.bmp" />
		<Unit filename="data/menu_sprite/cacheFin.bmp" />
		<Unit filename="data/menu_sprite/cachePasvu.bmp" />
		<Unit filename="data/menu_sprite/cachePv.bmp" />
		<Unit filename="data/menu_sprite/combat1.bmp" />
		<Unit filename="data/menu_sprite/fenetre.bmp" />
		<Unit filename="data/menu_sprite/infObjet.bmp" />
		<Unit filename="data/menu_sprite/infoDresseur.bmp" />
		<Unit filename="data/menu_sprite/infoPokedex.bmp" />
		<Unit filename="data/menu_sprite/infoattaque.bmp" />
		<Unit filename="data/menu_sprite/menu2.bmp" />
		<Unit filename="data/menu_sprite/menuEntrer.bmp" />
		<Unit filename="data/menu_sprite/menuJeu.bmp" />
		<Unit filename="data/menu_sprite/menuPoke.bmp" />
		<Unit filename="data/menu_sprite/moi.bmp" />
		<Unit filename="data/menu_sprite/objet.bmp" />
		<Unit filename="data/menu_sprite/objet2.bmp" />
		<Unit filename="data/menu_sprite/objet3.bmp" />
		<Unit filename="data/menu_sprite/objet4.bmp" />
		<Unit filename="data/menu_sprite/objetAttaque.bmp" />
		<Unit filename="data/menu_sprite/option.bmp" />
		<Unit filename="data/menu_sprite/pokePasvu.bmp" />
		<Unit filename="data/menu_sprite/pokeball.bmp" />
		<Unit filename="data/menu_sprite/pokedex.bmp" />
		<Unit filename="data/menu_sprite/pvOrange.bmp" />
		<Unit filename="data/menu_sprite/pvOrange2.bmp" />
		<Unit filename="data/menu_sprite/pvRouge.bmp" />
		<Unit filename="data/menu_sprite/pvRouge2.bmp" />
		<Unit filename="data/menu_sprite/sauvegarde.bmp" />
		<Unit filename="data/menu_sprite/select.bmp" />
		<Unit filename="data/menu_sprite/selectPokedex.bmp" />
		<Unit filename="data/menu_sprite/souri.bmp" />
		<Unit filename="data/menu_sprite/sourisObjet.bmp" />
		<Unit filename="data/menu_sprite/stat.bmp" />
		<Unit filename="data/menu_sprite/trait.bmp" />
		<Unit filename="data/menu_sprite/transiteCombat1.bmp" />
		<Unit filename="data/menu_sprite/vert.bmp" />
		<Unit filename="data/menu_sprite/yesno.bmp" />
		<Unit filename="data/menu_sprite/zmenu3.bmp" />
		<Unit filename="data/menu_sprite/zz.bmp" />
		<Unit filename="data/menu_sprite/zzz.bmp" />
		<Unit filename="data/menu_sprite/zzzAchat.bmp" />
		<Unit filename="data/menu_sprite/zzzGameBoy.bmp" />
		<Unit filename="data/menu_sprite/zzzMark.bmp" />
		<Unit filename="data/music/Gym.mp3" />
		<Unit filename="data/music/Menutheme.mp3" />
		<Unit filename="data/music/Pokemon_Center.mp3" />
		<Unit filename="data/music/Town.mp3" />
		<Unit filename="data/music/combat.mp3" />
		<Unit filename="data/music/route .mp3" />
		<Unit filename="data/npc_charset/bigboy_green1.bmp" />
		<Unit filename="data/npc_charset/bigboy_green2.bmp" />
		<Unit filename="data/npc_charset/bigboy_green3.bmp" />
		<Unit filename="data/npc_charset/bigboy_green4.bmp" />
		<Unit filename="data/npc_charset/bigboy_red1.bmp" />
		<Unit filename="data/npc_charset/bigboy_red2.bmp" />
		<Unit filename="data/npc_charset/bigboy_red3.bmp" />
		<Unit filename="data/npc_charset/bigboy_red4.bmp" />
		<Unit filename="data/npc_charset/bigman_old1.bmp" />
		<Unit filename="data/npc_charset/bigman_old2.bmp" />
		<Unit filename="data/npc_charset/bigman_old3.bmp" />
		<Unit filename="data/npc_charset/bigman_old4.bmp" />
		<Unit filename="data/npc_charset/boy_black1.bmp" />
		<Unit filename="data/npc_charset/boy_black2.bmp" />
		<Unit filename="data/npc_charset/boy_black3.bmp" />
		<Unit filename="data/npc_charset/boy_black4.bmp" />
		<Unit filename="data/npc_charset/chercheur1.bmp" />
		<Unit filename="data/npc_charset/chercheur2.bmp" />
		<Unit filename="data/npc_charset/chercheur3.bmp" />
		<Unit filename="data/npc_charset/chercheur4.bmp" />
		<Unit filename="data/npc_charset/girl_green1.bmp" />
		<Unit filename="data/npc_charset/girl_green2.bmp" />
		<Unit filename="data/npc_charset/girl_green3.bmp" />
		<Unit filename="data/npc_charset/girl_green4.bmp" />
		<Unit filename="data/npc_charset/girl_red1.bmp" />
		<Unit filename="data/npc_charset/girl_red2.bmp" />
		<Unit filename="data/npc_charset/girl_red3.bmp" />
		<Unit filename="data/npc_charset/girl_red4.bmp" />
		<Unit filename="data/npc_charset/man1.bmp" />
		<Unit filename="data/npc_charset/man2.bmp" />
		<Unit filename="data/npc_charset/man3.bmp" />
		<Unit filename="data/npc_charset/man4.bmp" />
		<Unit filename="data/npc_charset/mother1.bmp" />
		<Unit filename="data/npc_charset/mother2.bmp" />
		<Unit filename="data/npc_charset/mother3.bmp" />
		<Unit filename="data/npc_charset/mother4.bmp" />
		<Unit filename="data/npc_charset/nurse2.bmp" />
		<Unit filename="data/npc_charset/nurse3.bmp" />
		<Unit filename="data/npc_charset/old_man1.bmp" />
		<Unit filename="data/npc_charset/old_man2.bmp" />
		<Unit filename="data/npc_charset/old_man3.bmp" />
		<Unit filename="data/npc_charset/old_man4.bmp" />
		<Unit filename="data/npc_charset/prof1.bmp" />
		<Unit filename="data/npc_charset/prof2.bmp" />
		<Unit filename="data/npc_charset/prof3.bmp" />
		<Unit filename="data/npc_charset/prof4.bmp" />
		<Unit filename="data/npc_charset/rival1.bmp" />
		<Unit filename="data/npc_charset/rival2.bmp" />
		<Unit filename="data/npc_charset/rival3.bmp" />
		<Unit filename="data/npc_charset/rival4.bmp" />
		<Unit filename="data/other_file/BDPokemon.txt" />
		<Unit filename="data/pokemon_sprite/1BULBIZARdos.bmp" />
		<Unit filename="data/pokemon_sprite/1BULBIZARface.bmp" />
		<Unit filename="data/pokemon_sprite/1BULBIZARicone.bmp" />
		<Unit filename="data/pokemon_sprite/2SALAdos.bmp" />
		<Unit filename="data/pokemon_sprite/2SALAface.bmp" />
		<Unit filename="data/pokemon_sprite/2SALAicone.bmp" />
		<Unit filename="data/pokemon_sprite/3CARAPUCEdos.bmp" />
		<Unit filename="data/pokemon_sprite/3CARAPUCEface.bmp" />
		<Unit filename="data/pokemon_sprite/3CARAPUCEicone.bmp" />
		<Unit filename="data/pokemon_sprite/4CHENIPANdos.bmp" />
		<Unit filename="data/pokemon_sprite/4CHENIPANface.bmp" />
		<Unit filename="data/pokemon_sprite/4CHENIPANicone.bmp" />
		<Unit filename="data/pokemon_sprite/5NIDORANdos.bmp" />
		<Unit filename="data/pokemon_sprite/5NIDORANface.bmp" />
		<Unit filename="data/pokemon_sprite/5NIDORANicone.bmp" />
		<Unit filename="data/pokemon_sprite/6GOUPIXdos.bmp" />
		<Unit filename="data/pokemon_sprite/6GOUPIXface.bmp" />
		<Unit filename="data/pokemon_sprite/6GOUPIXicone.bmp" />
		<Unit filename="data/pokemon_sprite/7RONDOUDOUdos.bmp" />
		<Unit filename="data/pokemon_sprite/7RONDOUDOUface.bmp" />
		<Unit filename="data/pokemon_sprite/7RONDOUDOUicone.bmp" />
		<Unit filename="data/pokemon_sprite/8TAUPIQUEURdos.bmp" />
		<Unit filename="data/pokemon_sprite/8TAUPIQUEURface.bmp" />
		<Unit filename="data/pokemon_sprite/8TAUPIQUEURicone.bmp" />
		<Unit filename="data/pokemon_sprite/9MEWTWOdos.bmp" />
		<Unit filename="data/pokemon_sprite/9MEWTWOface.bmp" />
		<Unit filename="data/pokemon_sprite/9MEWTWOicone.bmp" />
		<Unit filename="data/pokemon_sprite/z10PIKAdos.bmp" />
		<Unit filename="data/pokemon_sprite/z10PIKAface.bmp" />
		<Unit filename="data/pokemon_sprite/z10PIKAicone.bmp" />
		<Unit filename="save/save.txt" />
		<Unit filename="src/attack.c">
			<Option compilerVar="CC" />
		</Unit>
		<Unit filename="src/attack.h" />
		<Unit filename="src/game.c">
			<Option compilerVar="CC" />
		</Unit>
		<Unit filename="src/game.h" />
		<Unit filename="src/hero.c">
			<Option compilerVar="CC" />
		</Unit>
		<Unit filename="src/hero.h" />
		<Unit filename="src/main.c">
			<Option compilerVar="CC" />
		</Unit>
		<Unit filename="src/npc.c">
			<Option compilerVar="CC" />
		</Unit>
		<Unit filename="src/npc.h" />
		<Unit filename="src/objet.c">
			<Option compilerVar="CC" />
		</Unit>
		<Unit filename="src/objet.h" />
		<Unit filename="src/pokemon.c">
			<Option compilerVar="CC" />
		</Unit>
		<Unit filename="src/pokemon.h" />
		<Unit filename="src/sdl.c">
			<Option compilerVar="CC" />
		</Unit>
		<Unit filename="src/sdl.h" />
		<Unit filename="src/square.c">
			<Option compilerVar="CC" />
		</Unit>
		<Unit filename="src/square.h" />
		<Extensions>
			<code_completion />
			<envvars />
			<debugger />
			<lib_finder disable_auto="1" />
		</Extensions>
	</Project>
</CodeBlocks_project_file>
